
Microsoft Visual Studio Solution File, Format Version 12.00
# Visual Studio Version 17
VisualStudioVersion = 17.4.33205.214
MinimumVisualStudioVersion = 10.0.40219.1
Project("{FAE04EC0-301F-11D3-BF4B-00C04F79EFBC}") = "Site_LR", "Site_LR.csproj", "{665BC3B6-0C93-4131-8621-87DD7EAC55AB}"
EndProject
Global
	GlobalSection(SolutionConfigurationPlatforms) = preSolution
		Debug|Any CPU = Debug|Any CPU
		Release|Any CPU = Release|Any CPU
	EndGlobalSection
	GlobalSection(ProjectConfigurationPlatforms) = postSolution
		{665BC3B6-0C93-4131-8621-87DD7EAC55AB}.Debug|Any CPU.ActiveCfg = Debug|Any CPU
		{665BC3B6-0C93-4131-8621-87DD7EAC55AB}.Debug|Any CPU.Build.0 = Debug|Any CPU
		{665BC3B6-0C93-4131-8621-87DD7EAC55AB}.Release|Any CPU.ActiveCfg = Release|Any CPU
		{665BC3B6-0C93-4131-8621-87DD7EAC55AB}.Release|Any CPU.Build.0 = Release|Any CPU
	EndGlobalSection
	GlobalSection(SolutionProperties) = preSolution
		HideSolutionNode = FALSE
	EndGlobalSection
	GlobalSection(ExtensibilityGlobals) = postSolution
		SolutionGuid = {95218B54-992C-475D-8180-4DA303C8A966}
	EndGlobalSection
EndGlobal
